// !$*UTF8*$!
{
	archiveVersion = 1;
	classes = {
	};
	objectVersion = 46;
	objects = {

/* Begin PBXBuildFile section */
		35860276633C4FF83DFB36AB /* libPods-Movies.a in Frameworks */ = {isa = PBXBuildFile; fileRef = 9C1B193EBEFB8AE769F3921C /* libPods-Movies.a */; };
		377588FD1D87486F00B63205 /* main.m in Sources */ = {isa = PBXBuildFile; fileRef = 377588FC1D87486F00B63205 /* main.m */; };
		377589001D87486F00B63205 /* AppDelegate.m in Sources */ = {isa = PBXBuildFile; fileRef = 377588FF1D87486F00B63205 /* AppDelegate.m */; };
		377589031D87486F00B63205 /* ViewController.m in Sources */ = {isa = PBXBuildFile; fileRef = 377589021D87486F00B63205 /* ViewController.m */; };
		377589061D87486F00B63205 /* Main.storyboard in Resources */ = {isa = PBXBuildFile; fileRef = 377589041D87486F00B63205 /* Main.storyboard */; };
		377589081D87486F00B63205 /* Assets.xcassets in Resources */ = {isa = PBXBuildFile; fileRef = 377589071D87486F00B63205 /* Assets.xcassets */; };
		3775890B1D87486F00B63205 /* LaunchScreen.storyboard in Resources */ = {isa = PBXBuildFile; fileRef = 377589091D87486F00B63205 /* LaunchScreen.storyboard */; };
		377589151D87531000B63205 /* MovieCell.m in Sources */ = {isa = PBXBuildFile; fileRef = 377589141D87531000B63205 /* MovieCell.m */; };
		377589191D8761B100B63205 /* MoviesDetailViewController.m in Sources */ = {isa = PBXBuildFile; fileRef = 377589181D8761B100B63205 /* MoviesDetailViewController.m */; };
		3775891B1D886F9200B63205 /* nplay.png in Resources */ = {isa = PBXBuildFile; fileRef = 3775891A1D886F9200B63205 /* nplay.png */; };
		3775891D1D886FF000B63205 /* star.png in Resources */ = {isa = PBXBuildFile; fileRef = 3775891C1D886FF000B63205 /* star.png */; };
		377589231D890AB100B63205 /* crown.png in Resources */ = {isa = PBXBuildFile; fileRef = 377589221D890AB100B63205 /* crown.png */; };
		377589251D890C0700B63205 /* clock.png in Resources */ = {isa = PBXBuildFile; fileRef = 377589241D890C0700B63205 /* clock.png */; };
		377589281D89FD6F00B63205 /* GridMovieCellCollectionViewCell.m in Sources */ = {isa = PBXBuildFile; fileRef = 377589271D89FD6F00B63205 /* GridMovieCellCollectionViewCell.m */; };
		3775892A1D8A1EE200B63205 /* grid.png in Resources */ = {isa = PBXBuildFile; fileRef = 377589291D8A1EE200B63205 /* grid.png */; };
		3775892C1D8A1EF000B63205 /* list.png in Resources */ = {isa = PBXBuildFile; fileRef = 3775892B1D8A1EF000B63205 /* list.png */; };
/* End PBXBuildFile section */

/* Begin PBXFileReference section */
		0AAC40DE53FB2A1D007257C0 /* Pods-Movies.release.xcconfig */ = {isa = PBXFileReference; includeInIndex = 1; lastKnownFileType = text.xcconfig; name = "Pods-Movies.release.xcconfig"; path = "Pods/Target Support Files/Pods-Movies/Pods-Movies.release.xcconfig"; sourceTree = "<group>"; };
		2FE59C56A507489F2F7C0CC2 /* Pods-Movies.debug.xcconfig */ = {isa = PBXFileReference; includeInIndex = 1; lastKnownFileType = text.xcconfig; name = "Pods-Movies.debug.xcconfig"; path = "Pods/Target Support Files/Pods-Movies/Pods-Movies.debug.xcconfig"; sourceTree = "<group>"; };
		377588F81D87486F00B63205 /* Movies.app */ = {isa = PBXFileReference; explicitFileType = wrapper.application; includeInIndex = 0; path = Movies.app; sourceTree = BUILT_PRODUCTS_DIR; };
		377588FC1D87486F00B63205 /* main.m */ = {isa = PBXFileReference; lastKnownFileType = sourcecode.c.objc; path = main.m; sourceTree = "<group>"; };
		377588FE1D87486F00B63205 /* AppDelegate.h */ = {isa = PBXFileReference; lastKnownFileType = sourcecode.c.h; path = AppDelegate.h; sourceTree = "<group>"; };
		377588FF1D87486F00B63205 /* AppDelegate.m */ = {isa = PBXFileReference; lastKnownFileType = sourcecode.c.objc; path = AppDelegate.m; sourceTree = "<group>"; };
		377589011D87486F00B63205 /* ViewController.h */ = {isa = PBXFileReference; lastKnownFileType = sourcecode.c.h; path = ViewController.h; sourceTree = "<group>"; };
		377589021D87486F00B63205 /* ViewController.m */ = {isa = PBXFileReference; lastKnownFileType = sourcecode.c.objc; path = ViewController.m; sourceTree = "<group>"; };
		377589051D87486F00B63205 /* Base */ = {isa = PBXFileReference; lastKnownFileType = file.storyboard; name = Base; path = Base.lproj/Main.storyboard; sourceTree = "<group>"; };
		377589071D87486F00B63205 /* Assets.xcassets */ = {isa = PBXFileReference; lastKnownFileType = folder.assetcatalog; path = Assets.xcassets; sourceTree = "<group>"; };
		3775890A1D87486F00B63205 /* Base */ = {isa = PBXFileReference; lastKnownFileType = file.storyboard; name = Base; path = Base.lproj/LaunchScreen.storyboard; sourceTree = "<group>"; };
		3775890C1D87486F00B63205 /* Info.plist */ = {isa = PBXFileReference; lastKnownFileType = text.plist.xml; path = Info.plist; sourceTree = "<group>"; };
		377589131D87531000B63205 /* MovieCell.h */ = {isa = PBXFileReference; fileEncoding = 4; lastKnownFileType = sourcecode.c.h; path = MovieCell.h; sourceTree = "<group>"; };
		377589141D87531000B63205 /* MovieCell.m */ = {isa = PBXFileReference; fileEncoding = 4; lastKnownFileType = sourcecode.c.objc; path = MovieCell.m; sourceTree = "<group>"; };
		377589171D8761B100B63205 /* MoviesDetailViewController.h */ = {isa = PBXFileReference; fileEncoding = 4; lastKnownFileType = sourcecode.c.h; path = MoviesDetailViewController.h; sourceTree = "<group>"; };
		377589181D8761B100B63205 /* MoviesDetailViewController.m */ = {isa = PBXFileReference; fileEncoding = 4; lastKnownFileType = sourcecode.c.objc; path = MoviesDetailViewController.m; sourceTree = "<group>"; };
		3775891A1D886F9200B63205 /* nplay.png */ = {isa = PBXFileReference; lastKnownFileType = image.png; path = nplay.png; sourceTree = "<group>"; };
		3775891C1D886FF000B63205 /* star.png */ = {isa = PBXFileReference; lastKnownFileType = image.png; path = star.png; sourceTree = "<group>"; };
		377589221D890AB100B63205 /* crown.png */ = {isa = PBXFileReference; lastKnownFileType = image.png; path = crown.png; sourceTree = "<group>"; };
		377589241D890C0700B63205 /* clock.png */ = {isa = PBXFileReference; lastKnownFileType = image.png; path = clock.png; sourceTree = "<group>"; };
		377589261D89FD6F00B63205 /* GridMovieCellCollectionViewCell.h */ = {isa = PBXFileReference; fileEncoding = 4; lastKnownFileType = sourcecode.c.h; path = GridMovieCellCollectionViewCell.h; sourceTree = "<group>"; };
		377589271D89FD6F00B63205 /* GridMovieCellCollectionViewCell.m */ = {isa = PBXFileReference; fileEncoding = 4; lastKnownFileType = sourcecode.c.objc; path = GridMovieCellCollectionViewCell.m; sourceTree = "<group>"; };
		377589291D8A1EE200B63205 /* grid.png */ = {isa = PBXFileReference; lastKnownFileType = image.png; path = grid.png; sourceTree = "<group>"; };
		3775892B1D8A1EF000B63205 /* list.png */ = {isa = PBXFileReference; lastKnownFileType = image.png; path = list.png; sourceTree = "<group>"; };
		9C1B193EBEFB8AE769F3921C /* libPods-Movies.a */ = {isa = PBXFileReference; explicitFileType = archive.ar; includeInIndex = 0; path = "libPods-Movies.a"; sourceTree = BUILT_PRODUCTS_DIR; };
/* End PBXFileReference section */

/* Begin PBXFrameworksBuildPhase section */
		377588F51D87486F00B63205 /* Frameworks */ = {
			isa = PBXFrameworksBuildPhase;
			buildActionMask = 2147483647;
			files = (
				35860276633C4FF83DFB36AB /* libPods-Movies.a in Frameworks */,
			);
			runOnlyForDeploymentPostprocessing = 0;
		};
/* End PBXFrameworksBuildPhase section */

/* Begin PBXGroup section */
		377588EF1D87486F00B63205 = {
			isa = PBXGroup;
			children = (
				377588FA1D87486F00B63205 /* Movies */,
				377588F91D87486F00B63205 /* Products */,
				D0AC7F927DF05DC6CCCE9F1D /* Pods */,
				46469DE8DC09C370620B2677 /* Frameworks */,
			);
			sourceTree = "<group>";
		};
		377588F91D87486F00B63205 /* Products */ = {
			isa = PBXGroup;
			children = (
				377588F81D87486F00B63205 /* Movies.app */,
			);
			name = Products;
			sourceTree = "<group>";
		};
		377588FA1D87486F00B63205 /* Movies */ = {
			isa = PBXGroup;
			children = (
				377589221D890AB100B63205 /* crown.png */,
				377589241D890C0700B63205 /* clock.png */,
				3775892B1D8A1EF000B63205 /* list.png */,
				377589291D8A1EE200B63205 /* grid.png */,
				3775891C1D886FF000B63205 /* star.png */,
				3775891A1D886F9200B63205 /* nplay.png */,
				377589161D87605700B63205 /* ViewControllers */,
				377589121D8750FD00B63205 /* Views */,
				377588FE1D87486F00B63205 /* AppDelegate.h */,
				377588FF1D87486F00B63205 /* AppDelegate.m */,
				377589041D87486F00B63205 /* Main.storyboard */,
				377589071D87486F00B63205 /* Assets.xcassets */,
				377589091D87486F00B63205 /* LaunchScreen.storyboard */,
				3775890C1D87486F00B63205 /* Info.plist */,
				377588FB1D87486F00B63205 /* Supporting Files */,
			);
			path = Movies;
			sourceTree = "<group>";
		};
		377588FB1D87486F00B63205 /* Supporting Files */ = {
			isa = PBXGroup;
			children = (
				377588FC1D87486F00B63205 /* main.m */,
			);
			name = "Supporting Files";
			sourceTree = "<group>";
		};
		377589121D8750FD00B63205 /* Views */ = {
			isa = PBXGroup;
			children = (
				377589271D89FD6F00B63205 /* GridMovieCellCollectionViewCell.m */,
				377589261D89FD6F00B63205 /* GridMovieCellCollectionViewCell.h */,
				377589131D87531000B63205 /* MovieCell.h */,
				377589141D87531000B63205 /* MovieCell.m */,
			);
			name = Views;
			sourceTree = "<group>";
		};
		377589161D87605700B63205 /* ViewControllers */ = {
			isa = PBXGroup;
			children = (
				377589011D87486F00B63205 /* ViewController.h */,
				377589021D87486F00B63205 /* ViewController.m */,
				377589171D8761B100B63205 /* MoviesDetailViewController.h */,
				377589181D8761B100B63205 /* MoviesDetailViewController.m */,
			);
			name = ViewControllers;
			sourceTree = "<group>";
		};
		46469DE8DC09C370620B2677 /* Frameworks */ = {
			isa = PBXGroup;
			children = (
				9C1B193EBEFB8AE769F3921C /* libPods-Movies.a */,
			);
			name = Frameworks;
			sourceTree = "<group>";
		};
		D0AC7F927DF05DC6CCCE9F1D /* Pods */ = {
			isa = PBXGroup;
			children = (
				2FE59C56A507489F2F7C0CC2 /* Pods-Movies.debug.xcconfig */,
				0AAC40DE53FB2A1D007257C0 /* Pods-Movies.release.xcconfig */,
			);
			name = Pods;
			sourceTree = "<group>";
		};
/* End PBXGroup section */

/* Begin PBXNativeTarget section */
		377588F71D87486F00B63205 /* Movies */ = {
			isa = PBXNativeTarget;
			buildConfigurationList = 3775890F1D87486F00B63205 /* Build configuration list for PBXNativeTarget "Movies" */;
			buildPhases = (
				A8E5846DF726223398D13BDD /* [CP] Check Pods Manifest.lock */,
				377588F41D87486F00B63205 /* Sources */,
				377588F51D87486F00B63205 /* Frameworks */,
				377588F61D87486F00B63205 /* Resources */,
				4B1E6AFEFEDBAB44290078FB /* [CP] Embed Pods Frameworks */,
				93CA554208DC1A34EE379CCC /* [CP] Copy Pods Resources */,
			);
			buildRules = (
			);
			dependencies = (
			);
			name = Movies;
			productName = Movies;
			productReference = 377588F81D87486F00B63205 /* Movies.app */;
			productType = "com.apple.product-type.application";
		};
/* End PBXNativeTarget section */

/* Begin PBXProject section */
		377588F01D87486F00B63205 /* Project object */ = {
			isa = PBXProject;
			attributes = {
				LastUpgradeCheck = 0720;
				ORGANIZATIONNAME = codepath;
				TargetAttributes = {
					377588F71D87486F00B63205 = {
						CreatedOnToolsVersion = 7.2.1;
					};
				};
			};
			buildConfigurationList = 377588F31D87486F00B63205 /* Build configuration list for PBXProject "Movies" */;
			compatibilityVersion = "Xcode 3.2";
			developmentRegion = English;
			hasScannedForEncodings = 0;
			knownRegions = (
				en,
				Base,
			);
			mainGroup = 377588EF1D87486F00B63205;
			productRefGroup = 377588F91D87486F00B63205 /* Products */;
			projectDirPath = "";
			projectRoot = "";
			targets = (
				377588F71D87486F00B63205 /* Movies */,
			);
		};
/* End PBXProject section */

/* Begin PBXResourcesBuildPhase section */
		377588F61D87486F00B63205 /* Resources */ = {
			isa = PBXResourcesBuildPhase;
			buildActionMask = 2147483647;
			files = (
				3775891B1D886F9200B63205 /* nplay.png in Resources */,
				3775892A1D8A1EE200B63205 /* grid.png in Resources */,
				3775892C1D8A1EF000B63205 /* list.png in Resources */,
				3775891D1D886FF000B63205 /* star.png in Resources */,
				3775890B1D87486F00B63205 /* LaunchScreen.storyboard in Resources */,
				377589231D890AB100B63205 /* crown.png in Resources */,
				377589081D87486F00B63205 /* Assets.xcassets in Resources */,
				377589251D890C0700B63205 /* clock.png in Resources */,
				377589061D87486F00B63205 /* Main.storyboard in Resources */,
			);
			runOnlyForDeploymentPostprocessing = 0;
		};
/* End PBXResourcesBuildPhase section */

/* Begin PBXShellScriptBuildPhase section */
		4B1E6AFEFEDBAB44290078FB /* [CP] Embed Pods Frameworks */ = {
			isa = PBXShellScriptBuildPhase;
			buildActionMask = 2147483647;
			files = (
			);
			inputPaths = (
			);
			name = "[CP] Embed Pods Frameworks";
			outputPaths = (
			);
			runOnlyForDeploymentPostprocessing = 0;
			shellPath = /bin/sh;
			shellScript = "\"${SRCROOT}/Pods/Target Support Files/Pods-Movies/Pods-Movies-frameworks.sh\"\n";
			showEnvVarsInLog = 0;
		};
		93CA554208DC1A34EE379CCC /* [CP] Copy Pods Resources */ = {
			isa = PBXShellScriptBuildPhase;
			buildActionMask = 2147483647;
			files = (
			);
			inputPaths = (
			);
			name = "[CP] Copy Pods Resources";
			outputPaths = (
			);
			runOnlyForDeploymentPostprocessing = 0;
			shellPath = /bin/sh;
			shellScript = "\"${SRCROOT}/Pods/Target Support Files/Pods-Movies/Pods-Movies-resources.sh\"\n";
			showEnvVarsInLog = 0;
		};
		A8E5846DF726223398D13BDD /* [CP] Check Pods Manifest.lock */ = {
			isa = PBXShellScriptBuildPhase;
			buildActionMask = 2147483647;
			files = (
			);
			inputPaths = (
			);
			name = "[CP] Check Pods Manifest.lock";
			outputPaths = (
			);
			runOnlyForDeploymentPostprocessing = 0;
			shellPath = /bin/sh;
			shellScript = "diff \"${PODS_ROOT}/../Podfile.lock\" \"${PODS_ROOT}/Manifest.lock\" > /dev/null\nif [[ $? != 0 ]] ; then\n    cat << EOM\nerror: The sandbox is not in sync with the Podfile.lock. Run 'pod install' or update your CocoaPods installation.\nEOM\n    exit 1\nfi\n";
			showEnvVarsInLog = 0;
		};
/* End PBXShellScriptBuildPhase section */

/* Begin PBXSourcesBuildPhase section */
		377588F41D87486F00B63205 /* Sources */ = {
			isa = PBXSourcesBuildPhase;
			buildActionMask = 2147483647;
			files = (
				377589031D87486F00B63205 /* ViewController.m in Sources */,
				377589001D87486F00B63205 /* AppDelegate.m in Sources */,
				377589191D8761B100B63205 /* MoviesDetailViewController.m in Sources */,
				377589281D89FD6F00B63205 /* GridMovieCellCollectionViewCell.m in Sources */,
				377589151D87531000B63205 /* MovieCell.m in Sources */,
				377588FD1D87486F00B63205 /* main.m in Sources */,
			);
			runOnlyForDeploymentPostprocessing = 0;
		};
/* End PBXSourcesBuildPhase section */

/* Begin PBXVariantGroup section */
		377589041D87486F00B63205 /* Main.storyboard */ = {
			isa = PBXVariantGroup;
			children = (
				377589051D87486F00B63205 /* Base */,
			);
			name = Main.storyboard;
			sourceTree = "<group>";
		};
		377589091D87486F00B63205 /* LaunchScreen.storyboard */ = {
			isa = PBXVariantGroup;
			children = (
				3775890A1D87486F00B63205 /* Base */,
			);
			name = LaunchScreen.storyboard;
			sourceTree = "<group>";
		};
/* End PBXVariantGroup section */

/* Begin XCBuildConfiguration section */
		3775890D1D87486F00B63205 /* Debug */ = {
			isa = XCBuildConfiguration;
			buildSettings = {
				ALWAYS_SEARCH_USER_PATHS = NO;
				CLANG_CXX_LANGUAGE_STANDARD = "gnu++0x";
				CLANG_CXX_LIBRARY = "libc++";
				CLANG_ENABLE_MODULES = YES;
				CLANG_ENABLE_OBJC_ARC = YES;
				CLANG_WARN_BOOL_CONVERSION = YES;
				CLANG_WARN_CONSTANT_CONVERSION = YES;
				CLANG_WARN_DIRECT_OBJC_ISA_USAGE = YES_ERROR;
				CLANG_WARN_EMPTY_BODY = YES;
				CLANG_WARN_ENUM_CONVERSION = YES;
				CLANG_WARN_INT_CONVERSION = YES;
				CLANG_WARN_OBJC_ROOT_CLASS = YES_ERROR;
				CLANG_WARN_UNREACHABLE_CODE = YES;
				CLANG_WARN__DUPLICATE_METHOD_MATCH = YES;
				"CODE_SIGN_IDENTITY[sdk=iphoneos*]" = "iPhone Developer";
				COPY_PHASE_STRIP = NO;
				DEBUG_INFORMATION_FORMAT = dwarf;
				ENABLE_STRICT_OBJC_MSGSEND = YES;
				ENABLE_TESTABILITY = YES;
				GCC_C_LANGUAGE_STANDARD = gnu99;
				GCC_DYNAMIC_NO_PIC = NO;
				GCC_NO_COMMON_BLOCKS = YES;
				GCC_OPTIMIZATION_LEVEL = 0;
				GCC_PREPROCESSOR_DEFINITIONS = (
					"DEBUG=1",
					"$(inherited)",
				);
				GCC_WARN_64_TO_32_BIT_CONVERSION = YES;
				GCC_WARN_ABOUT_RETURN_TYPE = YES_ERROR;
				GCC_WARN_UNDECLARED_SELECTOR = YES;
				GCC_WARN_UNINITIALIZED_AUTOS = YES_AGGRESSIVE;
				GCC_WARN_UNUSED_FUNCTION = YES;
				GCC_WARN_UNUSED_VARIABLE = YES;
				IPHONEOS_DEPLOYMENT_TARGET = 9.2;
				MTL_ENABLE_DEBUG_INFO = YES;
				ONLY_ACTIVE_ARCH = YES;
				SDKROOT = iphoneos;
				TARGETED_DEVICE_FAMILY = "1,2";
			};
			name = Debug;
		};
		3775890E1D87486F00B63205 /* Release */ = {
			isa = XCBuildConfiguration;
			buildSettings = {
				ALWAYS_SEARCH_USER_PATHS = NO;
				CLANG_CXX_LANGUAGE_STANDARD = "gnu++0x";
				CLANG_CXX_LIBRARY = "libc++";
				CLANG_ENABLE_MODULES = YES;
				CLANG_ENABLE_OBJC_ARC = YES;
				CLANG_WARN_BOOL_CONVERSION = YES;
				CLANG_WARN_CONSTANT_CONVERSION = YES;
				CLANG_WARN_DIRECT_OBJC_ISA_USAGE = YES_ERROR;
				CLANG_WARN_EMPTY_BODY = YES;
				CLANG_WARN_ENUM_CONVERSION = YES;
				CLANG_WARN_INT_CONVERSION = YES;
				CLANG_WARN_OBJC_ROOT_CLASS = YES_ERROR;
				CLANG_WARN_UNREACHABLE_CODE = YES;
				CLANG_WARN__DUPLICATE_METHOD_MATCH = YES;
				"CODE_SIGN_IDENTITY[sdk=iphoneos*]" = "iPhone Developer";
				COPY_PHASE_STRIP = NO;
				DEBUG_INFORMATION_FORMAT = "dwarf-with-dsym";
				ENABLE_NS_ASSERTIONS = NO;
				ENABLE_STRICT_OBJC_MSGSEND = YES;
				GCC_C_LANGUAGE_STANDARD = gnu99;
				GCC_NO_COMMON_BLOCKS = YES;
				GCC_WARN_64_TO_32_BIT_CONVERSION = YES;
				GCC_WARN_ABOUT_RETURN_TYPE = YES_ERROR;
				GCC_WARN_UNDECLARED_SELECTOR = YES;
				GCC_WARN_UNINITIALIZED_AUTOS = YES_AGGRESSIVE;
				GCC_WARN_UNUSED_FUNCTION = YES;
				GCC_WARN_UNUSED_VARIABLE = YES;
				IPHONEOS_DEPLOYMENT_TARGET = 9.2;
				MTL_ENABLE_DEBUG_INFO = NO;
				SDKROOT = iphoneos;
				TARGETED_DEVICE_FAMILY = "1,2";
				VALIDATE_PRODUCT = YES;
			};
			name = Release;
		};
		377589101D87486F00B63205 /* Debug */ = {
			isa = XCBuildConfiguration;
			baseConfigurationReference = 2FE59C56A507489F2F7C0CC2 /* Pods-Movies.debug.xcconfig */;
			buildSettings = {
				ASSETCATALOG_COMPILER_APPICON_NAME = AppIcon;
				INFOPLIST_FILE = Movies/Info.plist;
				LD_RUNPATH_SEARCH_PATHS = "$(inherited) @executable_path/Frameworks";
				PRODUCT_BUNDLE_IDENTIFIER = com.example.Movies;
				PRODUCT_NAME = "$(TARGET_NAME)";
			};
			name = Debug;
		};
		377589111D87486F00B63205 /* Release */ = {
			isa = XCBuildConfiguration;
			baseConfigurationReference = 0AAC40DE53FB2A1D007257C0 /* Pods-Movies.release.xcconfig */;
			buildSettings = {
				ASSETCATALOG_COMPILER_APPICON_NAME = AppIcon;
				INFOPLIST_FILE = Movies/Info.plist;
				LD_RUNPATH_SEARCH_PATHS = "$(inherited) @executable_path/Frameworks";
				PRODUCT_BUNDLE_IDENTIFIER = com.example.Movies;
				PRODUCT_NAME = "$(TARGET_NAME)";
			};
			name = Release;
		};
/* End XCBuildConfiguration section */

/* Begin XCConfigurationList section */
		377588F31D87486F00B63205 /* Build configuration list for PBXProject "Movies" */ = {
			isa = XCConfigurationList;
			buildConfigurations = (
				3775890D1D87486F00B63205 /* Debug */,
				3775890E1D87486F00B63205 /* Release */,
			);
			defaultConfigurationIsVisible = 0;
			defaultConfigurationName = Release;
		};
		3775890F1D87486F00B63205 /* Build configuration list for PBXNativeTarget "Movies" */ = {
			isa = XCConfigurationList;
			buildConfigurations = (
				377589101D87486F00B63205 /* Debug */,
				377589111D87486F00B63205 /* Release */,
			);
			defaultConfigurationIsVisible = 0;
			defaultConfigurationName = Release;
		};
/* End XCConfigurationList section */
	};
	rootObject = 377588F01D87486F00B63205 /* Project object */;
}
